
Microsoft Visual Studio Solution File, Format Version 12.00
# Visual Studio Version 17
VisualStudioVersion = 17.10.35122.118
MinimumVisualStudioVersion = 10.0.40219.1
Project("{FAE04EC0-301F-11D3-BF4B-00C04F79EFBC}") = "BinaryCipher", "BinaryCipher.csproj", "{8E85851A-7617-43A9-8EA9-AF8DC04BF30D}"
EndProject
Global
	GlobalSection(SolutionConfigurationPlatforms) = preSolution
		Debug|Any CPU = Debug|Any CPU
		Release|Any CPU = Release|Any CPU
	EndGlobalSection
	GlobalSection(ProjectConfigurationPlatforms) = postSolution
		{8E85851A-7617-43A9-8EA9-AF8DC04BF30D}.Debug|Any CPU.ActiveCfg = Debug|Any CPU
		{8E85851A-7617-43A9-8EA9-AF8DC04BF30D}.Debug|Any CPU.Build.0 = Debug|Any CPU
		{8E85851A-7617-43A9-8EA9-AF8DC04BF30D}.Release|Any CPU.ActiveCfg = Release|Any CPU
		{8E85851A-7617-43A9-8EA9-AF8DC04BF30D}.Release|Any CPU.Build.0 = Release|Any CPU
	EndGlobalSection
	GlobalSection(SolutionProperties) = preSolution
		HideSolutionNode = FALSE
	EndGlobalSection
	GlobalSection(ExtensibilityGlobals) = postSolution
		SolutionGuid = {D5B671BB-CF40-4EFC-BAA3-5EB5782E88D5}
	EndGlobalSection
EndGlobal
